
Microsoft Visual Studio Solution File, Format Version 12.00
# Visual Studio Version 16
VisualStudioVersion = 16.0.32929.386
MinimumVisualStudioVersion = 10.0.40219.1
Project("{FAE04EC0-301F-11D3-BF4B-00C04F79EFBC}") = "School_Management_System", "School_Management_System\School_Management_System.csproj", "{BF24F792-61A1-4E7E-A643-A56928AEDB9A}"
EndProject
Global
	GlobalSection(SolutionConfigurationPlatforms) = preSolution
		Debug|Any CPU = Debug|Any CPU
		Release|Any CPU = Release|Any CPU
	EndGlobalSection
	GlobalSection(ProjectConfigurationPlatforms) = postSolution
		{BF24F792-61A1-4E7E-A643-A56928AEDB9A}.Debug|Any CPU.ActiveCfg = Debug|Any CPU
		{BF24F792-61A1-4E7E-A643-A56928AEDB9A}.Debug|Any CPU.Build.0 = Debug|Any CPU
		{BF24F792-61A1-4E7E-A643-A56928AEDB9A}.Release|Any CPU.ActiveCfg = Release|Any CPU
		{BF24F792-61A1-4E7E-A643-A56928AEDB9A}.Release|Any CPU.Build.0 = Release|Any CPU
	EndGlobalSection
	GlobalSection(SolutionProperties) = preSolution
		HideSolutionNode = FALSE
	EndGlobalSection
	GlobalSection(ExtensibilityGlobals) = postSolution
		SolutionGuid = {A9BEE82B-F9E2-4B32-A35F-77AF55474856}
	EndGlobalSection
EndGlobal
